dependencies:
- name: loki
  repository: https://grafana.github.io/helm-charts
  version: 7.3.0
- name: promtail
  repository: https://grafana.github.io/helm-charts
  version: 6.17.1
digest: sha256:e5b727df9230cda3e853ed8dba0acec4229907b45c69bec0c1dbce071126065d
generated: "2026-09-05T16:04:21.440888386Z"
