dependencies:
- name: loki
  repository: https://grafana.github.io/helm-charts
  version: 7.0.0
- name: promtail
  repository: https://grafana.github.io/helm-charts
  version: 6.17.1
digest: sha256:0681ac30e800e272fb5d9d34998fb584cbba725caf996a467d449b41c786bacb
generated: "2026-05-01T18:44:38.543122569Z"
